{
  "version": 4,
  "terraform_version": "1.15.6",
  "serial": 16,
  "lineage": "e51f0b30-9b89-8868-95fb-302fb3ea42ac",
  "outputs": {
    "environment": {
      "value": "local",
      "type": "string"
    },
    "grafana_login": {
      "value": "admin / admin",
      "type": "string"
    },
    "grafana_url": {
      "value": "http://localhost:13000",
      "type": "string"
    },
    "project_name": {
      "value": "biowatch",
      "type": "string"
    },
    "prometheus_url": {
      "value": "http://localhost:9090",
      "type": "string"
    }
  },
  "resources": [
    {
      "mode": "managed",
      "type": "docker_container",
      "name": "grafana",
      "provider": "provider[\"registry.terraform.io/kreuzwerker/docker\"]",
      "instances": [
        {
          "schema_version": 2,
          "attributes": {
            "attach": false,
            "bridge": "",
            "capabilities": [],
            "cgroup_parent": null,
            "cgroupns_mode": null,
            "command": [],
            "container_logs": null,
            "container_read_refresh_timeout_milliseconds": 15000,
            "cpu_period": null,
            "cpu_quota": null,
            "cpu_set": "",
            "cpu_shares": 0,
            "cpus": null,
            "destroy_grace_seconds": null,
            "device_read_bps": [],
            "device_read_iops": [],
            "device_requests": [],
            "device_write_bps": [],
            "device_write_iops": [],
            "devices": [],
            "dns": null,
            "dns_opts": null,
            "dns_search": null,
            "domainname": "",
            "entrypoint": [
              "/run.sh"
            ],
            "env": [
              "GF_SECURITY_ADMIN_PASSWORD=admin",
              "GF_SECURITY_ADMIN_USER=admin",
              "GF_USERS_ALLOW_SIGN_UP=false"
            ],
            "exit_code": null,
            "gpus": null,
            "group_add": null,
            "healthcheck": null,
            "host": [],
            "hostname": "d34c86e36279",
            "id": "d34c86e36279f7fd1c418c04b2146c9302367fa663ff775443836d7cb32eff6d",
            "image": "sha256:48b3b3e6415ffa969075ee67f9d289849aa11a5870eeb130f9fb4f76dc0900a3",
            "init": false,
            "ipc_mode": "private",
            "labels": [],
            "log_driver": "json-file",
            "log_opts": null,
            "logs": false,
            "max_retry_count": 0,
            "memory": 0,
            "memory_reservation": 0,
            "memory_swap": 0,
            "mounts": [],
            "must_run": true,
            "name": "biowatch-tf-grafana",
            "network_data": [
              {
                "gateway": "172.22.0.1",
                "global_ipv6_address": "",
                "global_ipv6_prefix_length": 0,
                "ip_address": "172.22.0.3",
                "ip_prefix_length": 16,
                "ipv6_gateway": "",
                "mac_address": "c6:41:6d:63:80:4f",
                "network_name": "biowatch-tf-monitoring"
              }
            ],
            "network_mode": "bridge",
            "networks_advanced": [
              {
                "aliases": [],
                "driver_opts": [],
                "gw_priority": null,
                "ipv4_address": "",
                "ipv6_address": "",
                "link_local_ips": [],
                "mac_address": "",
                "name": "biowatch-tf-monitoring"
              }
            ],
            "pid_mode": "",
            "platform": "linux",
            "ports": [
              {
                "external": 13000,
                "internal": 3000,
                "ip": "0.0.0.0",
                "protocol": "tcp"
              }
            ],
            "privileged": false,
            "publish_all_ports": false,
            "read_only": false,
            "remove_volumes": true,
            "restart": "no",
            "rm": false,
            "runtime": "runc",
            "security_opts": [],
            "shm_size": 64,
            "start": true,
            "stdin_open": false,
            "stop_signal": "",
            "stop_timeout": 1,
            "storage_opts": null,
            "sysctls": null,
            "timeouts": null,
            "tmpfs": null,
            "tty": false,
            "ulimit": [],
            "upload": [],
            "user": "472",
            "userns_mode": "",
            "volumes": [
              {
                "container_path": "/etc/grafana/provisioning",
                "from_container": "",
                "host_path": "/Users/mac/vs_projects/personal/bio/biowatch/infra/terraform/environments/local/generated/grafana/provisioning",
                "read_only": true,
                "selinux_relabel": "",
                "volume_name": ""
              }
            ],
            "wait": false,
            "wait_timeout": 60,
            "working_dir": "/usr/share/grafana"
          },
          "sensitive_attributes": [],
          "identity_schema_version": 0,
          "private": "eyJlMmJmYjczMC1lY2FhLTExZTYtOGY4OC0zNDM2M2JjN2M0YzAiOnsiY3JlYXRlIjoxMjAwMDAwMDAwMDAwLCJkZWxldGUiOjEyMDAwMDAwMDAwMDAsInVwZGF0ZSI6MTIwMDAwMDAwMDAwMH0sInNjaGVtYV92ZXJzaW9uIjoiMiJ9",
          "dependencies": [
            "docker_container.prometheus",
            "docker_image.grafana",
            "docker_image.prometheus",
            "docker_network.private_network",
            "local_file.grafana_datasource",
            "local_file.prometheus_config"
          ]
        }
      ]
    },
    {
      "mode": "managed",
      "type": "docker_container",
      "name": "prometheus",
      "provider": "provider[\"registry.terraform.io/kreuzwerker/docker\"]",
      "instances": [
        {
          "schema_version": 2,
          "attributes": {
            "attach": false,
            "bridge": "",
            "capabilities": [],
            "cgroup_parent": null,
            "cgroupns_mode": null,
            "command": [
              "--config.file=/etc/prometheus/prometheus.yml",
              "--storage.tsdb.path=/prometheus"
            ],
            "container_logs": null,
            "container_read_refresh_timeout_milliseconds": 15000,
            "cpu_period": null,
            "cpu_quota": null,
            "cpu_set": "",
            "cpu_shares": 0,
            "cpus": null,
            "destroy_grace_seconds": null,
            "device_read_bps": [],
            "device_read_iops": [],
            "device_requests": [],
            "device_write_bps": [],
            "device_write_iops": [],
            "devices": [],
            "dns": [],
            "dns_opts": [],
            "dns_search": [],
            "domainname": "",
            "entrypoint": [
              "/bin/prometheus"
            ],
            "env": [],
            "exit_code": null,
            "gpus": null,
            "group_add": [],
            "healthcheck": [],
            "host": [],
            "hostname": "5b25f38bae4c",
            "id": "5b25f38bae4c9e5cde194ffc6ac194bc143bb90568354d99a0a453c10227bce4",
            "image": "sha256:57847a717fc6727452cd1ed5b02200e3030aba04ca13cbdc536ee99402643440",
            "init": false,
            "ipc_mode": "private",
            "labels": [],
            "log_driver": "json-file",
            "log_opts": {},
            "logs": false,
            "max_retry_count": 0,
            "memory": 0,
            "memory_reservation": 0,
            "memory_swap": 0,
            "mounts": [],
            "must_run": true,
            "name": "biowatch-tf-prometheus",
            "network_data": [
              {
                "gateway": "172.22.0.1",
                "global_ipv6_address": "",
                "global_ipv6_prefix_length": 0,
                "ip_address": "172.22.0.2",
                "ip_prefix_length": 16,
                "ipv6_gateway": "",
                "mac_address": "9e:6b:b2:37:ce:a2",
                "network_name": "biowatch-tf-monitoring"
              }
            ],
            "network_mode": "bridge",
            "networks_advanced": [
              {
                "aliases": [],
                "driver_opts": [],
                "gw_priority": 0,
                "ipv4_address": "",
                "ipv6_address": "",
                "link_local_ips": [],
                "mac_address": "",
                "name": "biowatch-tf-monitoring"
              }
            ],
            "pid_mode": "",
            "platform": "linux",
            "ports": [
              {
                "external": 9090,
                "internal": 9090,
                "ip": "0.0.0.0",
                "protocol": "tcp"
              }
            ],
            "privileged": false,
            "publish_all_ports": false,
            "read_only": false,
            "remove_volumes": true,
            "restart": "no",
            "rm": false,
            "runtime": "runc",
            "security_opts": [],
            "shm_size": 64,
            "start": true,
            "stdin_open": false,
            "stop_signal": "",
            "stop_timeout": 1,
            "storage_opts": {},
            "sysctls": {},
            "timeouts": null,
            "tmpfs": {},
            "tty": false,
            "ulimit": [],
            "upload": [],
            "user": "nobody",
            "userns_mode": "",
            "volumes": [
              {
                "container_path": "/etc/prometheus/prometheus.yml",
                "from_container": "",
                "host_path": "/Users/mac/vs_projects/personal/bio/biowatch/infra/terraform/environments/local/generated/prometheus.yml",
                "read_only": true,
                "selinux_relabel": "",
                "volume_name": ""
              }
            ],
            "wait": false,
            "wait_timeout": 60,
            "working_dir": "/prometheus"
          },
          "sensitive_attributes": [],
          "identity_schema_version": 0,
          "private": "eyJlMmJmYjczMC1lY2FhLTExZTYtOGY4OC0zNDM2M2JjN2M0YzAiOnsiY3JlYXRlIjoxMjAwMDAwMDAwMDAwLCJkZWxldGUiOjEyMDAwMDAwMDAwMDAsInVwZGF0ZSI6MTIwMDAwMDAwMDAwMH0sInNjaGVtYV92ZXJzaW9uIjoiMiJ9",
          "dependencies": [
            "docker_image.prometheus",
            "docker_network.private_network",
            "local_file.prometheus_config"
          ]
        }
      ]
    },
    {
      "mode": "managed",
      "type": "docker_image",
      "name": "grafana",
      "provider": "provider[\"registry.terraform.io/kreuzwerker/docker\"]",
      "instances": [
        {
          "schema_version": 0,
          "attributes": {
            "build": [],
            "force_remove": null,
            "id": "sha256:48b3b3e6415ffa969075ee67f9d289849aa11a5870eeb130f9fb4f76dc0900a3grafana/grafana:11.4.0",
            "image_id": "sha256:48b3b3e6415ffa969075ee67f9d289849aa11a5870eeb130f9fb4f76dc0900a3",
            "keep_locally": null,
            "name": "grafana/grafana:11.4.0",
            "platform": null,
            "pull_triggers": null,
            "repo_digest": "grafana/grafana@sha256:d8ea37798ccc41061a62ab080f2676dda6bf7815558499f901bdb0f533a456fb",
            "timeouts": null,
            "triggers": null
          },
          "sensitive_attributes": [],
          "identity_schema_version": 0,
          "private": "eyJlMmJmYjczMC1lY2FhLTExZTYtOGY4OC0zNDM2M2JjN2M0YzAiOnsiY3JlYXRlIjoxMjAwMDAwMDAwMDAwLCJkZWxldGUiOjEyMDAwMDAwMDAwMDAsInVwZGF0ZSI6MTIwMDAwMDAwMDAwMH19"
        }
      ]
    },
    {
      "mode": "managed",
      "type": "docker_image",
      "name": "prometheus",
      "provider": "provider[\"registry.terraform.io/kreuzwerker/docker\"]",
      "instances": [
        {
          "schema_version": 0,
          "attributes": {
            "build": [],
            "force_remove": null,
            "id": "sha256:57847a717fc6727452cd1ed5b02200e3030aba04ca13cbdc536ee99402643440prom/prometheus:v3.0.1",
            "image_id": "sha256:57847a717fc6727452cd1ed5b02200e3030aba04ca13cbdc536ee99402643440",
            "keep_locally": null,
            "name": "prom/prometheus:v3.0.1",
            "platform": null,
            "pull_triggers": null,
            "repo_digest": "prom/prometheus@sha256:565ee86501224ebbb98fc10b332fa54440b100469924003359edf49cbce374bd",
            "timeouts": null,
            "triggers": null
          },
          "sensitive_attributes": [],
          "identity_schema_version": 0,
          "private": "eyJlMmJmYjczMC1lY2FhLTExZTYtOGY4OC0zNDM2M2JjN2M0YzAiOnsiY3JlYXRlIjoxMjAwMDAwMDAwMDAwLCJkZWxldGUiOjEyMDAwMDAwMDAwMDAsInVwZGF0ZSI6MTIwMDAwMDAwMDAwMH19"
        }
      ]
    },
    {
      "mode": "managed",
      "type": "docker_network",
      "name": "private_network",
      "provider": "provider[\"registry.terraform.io/kreuzwerker/docker\"]",
      "instances": [
        {
          "schema_version": 1,
          "attributes": {
            "attachable": false,
            "driver": "bridge",
            "id": "163cd8996286c9ccf81dd97d445946d6b87ffa18c8493b7d3f7f2fbc9a005fee",
            "ingress": false,
            "internal": false,
            "ipam_config": [
              {
                "aux_address": {},
                "gateway": "172.22.0.1",
                "ip_range": "",
                "subnet": "172.22.0.0/16"
              }
            ],
            "ipam_driver": "default",
            "ipam_options": {},
            "ipv6": false,
            "labels": [],
            "name": "biowatch-tf-monitoring",
            "options": {
              "com.docker.network.enable_ipv4": "true",
              "com.docker.network.enable_ipv6": "false"
            },
            "scope": "local"
          },
          "sensitive_attributes": [],
          "identity_schema_version": 0,
          "private": "eyJzY2hlbWFfdmVyc2lvbiI6IjEifQ=="
        }
      ]
    },
    {
      "mode": "managed",
      "type": "local_file",
      "name": "grafana_datasource",
      "provider": "provider[\"registry.terraform.io/hashicorp/local\"]",
      "instances": [
        {
          "schema_version": 0,
          "attributes": {
            "content": "apiVersion: 1\n\ndatasources:\n  - name: Prometheus\n    type: prometheus\n    access: proxy\n    url: http://biowatch-tf-prometheus:9090\n    isDefault: true\n    editable: true\n",
            "content_base64": null,
            "content_base64sha256": "kUGfTzBW3mOuBU6JB3ZnanhG80e3+Jjsnx3TmcdfW6I=",
            "content_base64sha512": "X5vPkN1tbl2PyVql4KED4gVUi4xOuAyG9oWeWs3SFwKl0ACRMjXXkp8BfDpAoQwzjQlUtd/Ek7AgqlsMR/Uv9w==",
            "content_md5": "044eb507ab960d80a24a1206589ae485",
            "content_sha1": "f77e62e02c758e7b281e588991dabc8dbdc1bb11",
            "content_sha256": "91419f4f3056de63ae054e890776676a7846f347b7f898ec9f1dd399c75f5ba2",
            "content_sha512": "5f9bcf90dd6d6e5d8fc95aa5e0a103e205548b8c4eb80c86f6859e5acdd21702a5d000913235d7929f017c3a40a10c338d0954b5dfc493b020aa5b0c47f52ff7",
            "directory_permission": "0777",
            "file_permission": "0777",
            "filename": "./generated/grafana/provisioning/datasources/prometheus.yml",
            "id": "f77e62e02c758e7b281e588991dabc8dbdc1bb11",
            "sensitive_content": null,
            "source": null
          },
          "sensitive_attributes": [
            [
              {
                "type": "get_attr",
                "value": "sensitive_content"
              }
            ]
          ],
          "identity_schema_version": 0
        }
      ]
    },
    {
      "mode": "managed",
      "type": "local_file",
      "name": "prometheus_config",
      "provider": "provider[\"registry.terraform.io/hashicorp/local\"]",
      "instances": [
        {
          "schema_version": 0,
          "attributes": {
            "content": "global:\n  scrape_interval: 15s\n\nscrape_configs:\n  - job_name: \"prometheus\"\n    static_configs:\n      - targets: [\"localhost:9090\"]\n",
            "content_base64": null,
            "content_base64sha256": "TdJh6doG8XtQYrB03IDmasEl7cW4AVtg4WRg0ZkCjMM=",
            "content_base64sha512": "GdcR0mb+65tM+8UApLdQQ0yl7wwZpuAbNUb2jyXqUBTt3UBw5cWbb4sGUJphHY/yYnlKXu225rdeRQ/VEgA1pQ==",
            "content_md5": "9ce1453259853992606aac0862a19227",
            "content_sha1": "a319f9c19bde33847a14199764267fad5838447f",
            "content_sha256": "4dd261e9da06f17b5062b074dc80e66ac125edc5b8015b60e16460d199028cc3",
            "content_sha512": "19d711d266feeb9b4cfbc500a4b750434ca5ef0c19a6e01b3546f68f25ea5014eddd4070e5c59b6f8b06509a611d8ff262794a5eedb6e6b75e450fd5120035a5",
            "directory_permission": "0777",
            "file_permission": "0777",
            "filename": "./generated/prometheus.yml",
            "id": "a319f9c19bde33847a14199764267fad5838447f",
            "sensitive_content": null,
            "source": null
          },
          "sensitive_attributes": [
            [
              {
                "type": "get_attr",
                "value": "sensitive_content"
              }
            ]
          ],
          "identity_schema_version": 0
        }
      ]
    },
    {
      "mode": "managed",
      "type": "local_file",
      "name": "terraform_readme",
      "provider": "provider[\"registry.terraform.io/hashicorp/local\"]",
      "instances": [
        {
          "schema_version": 0,
          "attributes": {
            "content": "Managed by Terraform\n",
            "content_base64": null,
            "content_base64sha256": "hqx8J6ZKvyupzfcgyF6ctpQE6Sya8dFMemK3BVBYCDo=",
            "content_base64sha512": "n29cX6+wOMOMZOEFGAlUpvadwMjeM5COsSZL4b3W2y4/enqyDpdB+JbNU8Byx3Ri9+upcSslSd3W23kMBJq5Gw==",
            "content_md5": "fbbfd694d9e0985caedfd85cdc91e1a0",
            "content_sha1": "10b352aff16baf1221d51e6caa0f43dea190d188",
            "content_sha256": "86ac7c27a64abf2ba9cdf720c85e9cb69404e92c9af1d14c7a62b7055058083a",
            "content_sha512": "9f6f5c5fafb038c38c64e105180954a6f69dc0c8de33908eb1264be1bdd6db2e3f7a7ab20e9741f896cd53c072c77462f7eba9712b2549ddd6db790c049ab91b",
            "directory_permission": "0777",
            "file_permission": "0777",
            "filename": "./generated/terraform-managed.txt",
            "id": "10b352aff16baf1221d51e6caa0f43dea190d188",
            "sensitive_content": null,
            "source": null
          },
          "sensitive_attributes": [
            [
              {
                "type": "get_attr",
                "value": "sensitive_content"
              }
            ]
          ],
          "identity_schema_version": 0
        }
      ]
    }
  ],
  "check_results": null
}
