{
  "version": 4,
  "terraform_version": "1.15.6",
  "serial": 1,
  "lineage": "e51f0b30-9b89-8868-95fb-302fb3ea42ac",
  "outputs": {
    "environment": {
      "value": "local",
      "type": "string"
    },
    "project_name": {
      "value": "biowatch",
      "type": "string"
    }
  },
  "resources": [
    {
      "mode": "managed",
      "type": "local_file",
      "name": "terraform_readme",
      "provider": "provider[\"registry.terraform.io/hashicorp/local\"]",
      "instances": [
        {
          "schema_version": 0,
          "attributes": {
            "content": "Managed by Terraform\n",
            "content_base64": null,
            "content_base64sha256": "hqx8J6ZKvyupzfcgyF6ctpQE6Sya8dFMemK3BVBYCDo=",
            "content_base64sha512": "n29cX6+wOMOMZOEFGAlUpvadwMjeM5COsSZL4b3W2y4/enqyDpdB+JbNU8Byx3Ri9+upcSslSd3W23kMBJq5Gw==",
            "content_md5": "fbbfd694d9e0985caedfd85cdc91e1a0",
            "content_sha1": "10b352aff16baf1221d51e6caa0f43dea190d188",
            "content_sha256": "86ac7c27a64abf2ba9cdf720c85e9cb69404e92c9af1d14c7a62b7055058083a",
            "content_sha512": "9f6f5c5fafb038c38c64e105180954a6f69dc0c8de33908eb1264be1bdd6db2e3f7a7ab20e9741f896cd53c072c77462f7eba9712b2549ddd6db790c049ab91b",
            "directory_permission": "0777",
            "file_permission": "0777",
            "filename": "./generated/terraform-managed.txt",
            "id": "10b352aff16baf1221d51e6caa0f43dea190d188",
            "sensitive_content": null,
            "source": null
          },
          "sensitive_attributes": [
            [
              {
                "type": "get_attr",
                "value": "sensitive_content"
              }
            ]
          ],
          "identity_schema_version": 0
        }
      ]
    }
  ],
  "check_results": null
}
