{
  "version": 4,
  "terraform_version": "1.15.6",
  "serial": 25,
  "lineage": "e51f0b30-9b89-8868-95fb-302fb3ea42ac",
  "outputs": {
    "alertmanager_url": {
      "value": "http://localhost:19093",
      "type": "string"
    },
    "environment": {
      "value": "local",
      "type": "string"
    },
    "grafana_url": {
      "value": "http://localhost:13000",
      "type": "string"
    },
    "project_name": {
      "value": "biowatch",
      "type": "string"
    },
    "prometheus_url": {
      "value": "http://localhost:9090",
      "type": "string"
    }
  },
  "resources": [
    {
      "mode": "managed",
      "type": "docker_container",
      "name": "alertmanager",
      "provider": "provider[\"registry.terraform.io/kreuzwerker/docker\"]",
      "instances": [
        {
          "schema_version": 2,
          "attributes": {
            "attach": false,
            "bridge": "",
            "capabilities": [],
            "cgroup_parent": null,
            "cgroupns_mode": null,
            "command": [
              "--config.file=/etc/alertmanager/alertmanager.yml"
            ],
            "container_logs": null,
            "container_read_refresh_timeout_milliseconds": 15000,
            "cpu_period": null,
            "cpu_quota": null,
            "cpu_set": "",
            "cpu_shares": 0,
            "cpus": null,
            "destroy_grace_seconds": null,
            "device_read_bps": [],
            "device_read_iops": [],
            "device_requests": [],
            "device_write_bps": [],
            "device_write_iops": [],
            "devices": [],
            "dns": null,
            "dns_opts": null,
            "dns_search": null,
            "domainname": "",
            "entrypoint": [
              "/bin/alertmanager"
            ],
            "env": [],
            "exit_code": null,
            "gpus": null,
            "group_add": null,
            "healthcheck": null,
            "host": [],
            "hostname": "a25667efef8f",
            "id": "a25667efef8f5d472be7dd9a920175ff5a57f1539ff9c1f0667fdf7276df9a11",
            "image": "sha256:225e007feddae939a7a7fe4a8baab1383bb012916ca29a5bc46a26ed283de1a8",
            "init": false,
            "ipc_mode": "private",
            "labels": [],
            "log_driver": "json-file",
            "log_opts": null,
            "logs": false,
            "max_retry_count": 0,
            "memory": 0,
            "memory_reservation": 0,
            "memory_swap": 0,
            "mounts": [],
            "must_run": true,
            "name": "biowatch-tf-alertmanager",
            "network_data": [
              {
                "gateway": "172.22.0.1",
                "global_ipv6_address": "",
                "global_ipv6_prefix_length": 0,
                "ip_address": "172.22.0.2",
                "ip_prefix_length": 16,
                "ipv6_gateway": "",
                "mac_address": "b6:26:31:6c:b4:d3",
                "network_name": "biowatch-tf-monitoring"
              }
            ],
            "network_mode": "bridge",
            "networks_advanced": [
              {
                "aliases": [],
                "driver_opts": [],
                "gw_priority": null,
                "ipv4_address": "",
                "ipv6_address": "",
                "link_local_ips": [],
                "mac_address": "",
                "name": "biowatch-tf-monitoring"
              }
            ],
            "pid_mode": "",
            "platform": "linux",
            "ports": [
              {
                "external": 19093,
                "internal": 9093,
                "ip": "0.0.0.0",
                "protocol": "tcp"
              }
            ],
            "privileged": false,
            "publish_all_ports": false,
            "read_only": false,
            "remove_volumes": true,
            "restart": "no",
            "rm": false,
            "runtime": "runc",
            "security_opts": [],
            "shm_size": 64,
            "start": true,
            "stdin_open": false,
            "stop_signal": "",
            "stop_timeout": 1,
            "storage_opts": null,
            "sysctls": null,
            "timeouts": null,
            "tmpfs": null,
            "tty": false,
            "ulimit": [],
            "upload": [],
            "user": "nobody",
            "userns_mode": "",
            "volumes": [
              {
                "container_path": "/etc/alertmanager/alertmanager.yml",
                "from_container": "",
                "host_path": "/Users/mac/vs_projects/personal/bio/biowatch/infra/terraform/environments/local/generated/alertmanager/alertmanager.yml",
                "read_only": true,
                "selinux_relabel": "",
                "volume_name": ""
              }
            ],
            "wait": false,
            "wait_timeout": 60,
            "working_dir": "/alertmanager"
          },
          "sensitive_attributes": [],
          "identity_schema_version": 0,
          "private": "eyJlMmJmYjczMC1lY2FhLTExZTYtOGY4OC0zNDM2M2JjN2M0YzAiOnsiY3JlYXRlIjoxMjAwMDAwMDAwMDAwLCJkZWxldGUiOjEyMDAwMDAwMDAwMDAsInVwZGF0ZSI6MTIwMDAwMDAwMDAwMH0sInNjaGVtYV92ZXJzaW9uIjoiMiJ9",
          "dependencies": [
            "docker_image.alertmanager",
            "docker_network.private_network",
            "local_file.alertmanager_config"
          ]
        }
      ]
    },
    {
      "mode": "managed",
      "type": "docker_container",
      "name": "grafana",
      "provider": "provider[\"registry.terraform.io/kreuzwerker/docker\"]",
      "instances": [
        {
          "schema_version": 2,
          "attributes": {
            "attach": false,
            "bridge": "",
            "capabilities": [],
            "cgroup_parent": null,
            "cgroupns_mode": null,
            "command": [],
            "container_logs": null,
            "container_read_refresh_timeout_milliseconds": 15000,
            "cpu_period": null,
            "cpu_quota": null,
            "cpu_set": "",
            "cpu_shares": 0,
            "cpus": null,
            "destroy_grace_seconds": null,
            "device_read_bps": [],
            "device_read_iops": [],
            "device_requests": [],
            "device_write_bps": [],
            "device_write_iops": [],
            "devices": [],
            "dns": [],
            "dns_opts": [],
            "dns_search": [],
            "domainname": "",
            "entrypoint": [
              "/run.sh"
            ],
            "env": [
              "GF_SECURITY_ADMIN_PASSWORD=admin",
              "GF_SECURITY_ADMIN_USER=admin",
              "GF_USERS_ALLOW_SIGN_UP=false"
            ],
            "exit_code": null,
            "gpus": null,
            "group_add": [],
            "healthcheck": [],
            "host": [],
            "hostname": "d34c86e36279",
            "id": "d34c86e36279f7fd1c418c04b2146c9302367fa663ff775443836d7cb32eff6d",
            "image": "sha256:48b3b3e6415ffa969075ee67f9d289849aa11a5870eeb130f9fb4f76dc0900a3",
            "init": false,
            "ipc_mode": "private",
            "labels": [],
            "log_driver": "json-file",
            "log_opts": {},
            "logs": false,
            "max_retry_count": 0,
            "memory": 0,
            "memory_reservation": 0,
            "memory_swap": 0,
            "mounts": [],
            "must_run": true,
            "name": "biowatch-tf-grafana",
            "network_data": [
              {
                "gateway": "172.22.0.1",
                "global_ipv6_address": "",
                "global_ipv6_prefix_length": 0,
                "ip_address": "172.22.0.3",
                "ip_prefix_length": 16,
                "ipv6_gateway": "",
                "mac_address": "c6:41:6d:63:80:4f",
                "network_name": "biowatch-tf-monitoring"
              }
            ],
            "network_mode": "bridge",
            "networks_advanced": [
              {
                "aliases": [],
                "driver_opts": [],
                "gw_priority": 0,
                "ipv4_address": "",
                "ipv6_address": "",
                "link_local_ips": [],
                "mac_address": "",
                "name": "biowatch-tf-monitoring"
              }
            ],
            "pid_mode": "",
            "platform": "linux",
            "ports": [
              {
                "external": 13000,
                "internal": 3000,
                "ip": "0.0.0.0",
                "protocol": "tcp"
              }
            ],
            "privileged": false,
            "publish_all_ports": false,
            "read_only": false,
            "remove_volumes": true,
            "restart": "no",
            "rm": false,
            "runtime": "runc",
            "security_opts": [],
            "shm_size": 64,
            "start": true,
            "stdin_open": false,
            "stop_signal": "",
            "stop_timeout": 1,
            "storage_opts": {},
            "sysctls": {},
            "timeouts": null,
            "tmpfs": {},
            "tty": false,
            "ulimit": [],
            "upload": [],
            "user": "472",
            "userns_mode": "",
            "volumes": [
              {
                "container_path": "/etc/grafana/provisioning",
                "from_container": "",
                "host_path": "/Users/mac/vs_projects/personal/bio/biowatch/infra/terraform/environments/local/generated/grafana/provisioning",
                "read_only": true,
                "selinux_relabel": "",
                "volume_name": ""
              }
            ],
            "wait": false,
            "wait_timeout": 60,
            "working_dir": "/usr/share/grafana"
          },
          "sensitive_attributes": [],
          "identity_schema_version": 0,
          "private": "eyJlMmJmYjczMC1lY2FhLTExZTYtOGY4OC0zNDM2M2JjN2M0YzAiOnsiY3JlYXRlIjoxMjAwMDAwMDAwMDAwLCJkZWxldGUiOjEyMDAwMDAwMDAwMDAsInVwZGF0ZSI6MTIwMDAwMDAwMDAwMH0sInNjaGVtYV92ZXJzaW9uIjoiMiJ9",
          "dependencies": [
            "docker_container.alertmanager",
            "docker_container.prometheus",
            "docker_image.alertmanager",
            "docker_image.grafana",
            "docker_image.prometheus",
            "docker_network.private_network",
            "local_file.alertmanager_config",
            "local_file.grafana_datasource",
            "local_file.prometheus_alerts",
            "local_file.prometheus_config"
          ]
        }
      ]
    },
    {
      "mode": "managed",
      "type": "docker_container",
      "name": "prometheus",
      "provider": "provider[\"registry.terraform.io/kreuzwerker/docker\"]",
      "instances": [
        {
          "schema_version": 2,
          "attributes": {
            "attach": false,
            "bridge": "",
            "capabilities": [],
            "cgroup_parent": null,
            "cgroupns_mode": null,
            "command": [
              "--config.file=/etc/prometheus/prometheus.yml",
              "--storage.tsdb.path=/prometheus"
            ],
            "container_logs": null,
            "container_read_refresh_timeout_milliseconds": 15000,
            "cpu_period": null,
            "cpu_quota": null,
            "cpu_set": "",
            "cpu_shares": 0,
            "cpus": null,
            "destroy_grace_seconds": null,
            "device_read_bps": [],
            "device_read_iops": [],
            "device_requests": [],
            "device_write_bps": [],
            "device_write_iops": [],
            "devices": [],
            "dns": null,
            "dns_opts": null,
            "dns_search": null,
            "domainname": "",
            "entrypoint": [
              "/bin/prometheus"
            ],
            "env": [],
            "exit_code": null,
            "gpus": null,
            "group_add": null,
            "healthcheck": null,
            "host": [],
            "hostname": "09fd96bddea5",
            "id": "09fd96bddea59d1855bfac72ca456c57a7899957238b71892a9c7a4c9f19b06c",
            "image": "sha256:57847a717fc6727452cd1ed5b02200e3030aba04ca13cbdc536ee99402643440",
            "init": false,
            "ipc_mode": "private",
            "labels": [],
            "log_driver": "json-file",
            "log_opts": null,
            "logs": false,
            "max_retry_count": 0,
            "memory": 0,
            "memory_reservation": 0,
            "memory_swap": 0,
            "mounts": [],
            "must_run": true,
            "name": "biowatch-tf-prometheus",
            "network_data": [
              {
                "gateway": "172.22.0.1",
                "global_ipv6_address": "",
                "global_ipv6_prefix_length": 0,
                "ip_address": "172.22.0.4",
                "ip_prefix_length": 16,
                "ipv6_gateway": "",
                "mac_address": "3e:77:50:05:05:4b",
                "network_name": "biowatch-tf-monitoring"
              }
            ],
            "network_mode": "bridge",
            "networks_advanced": [
              {
                "aliases": [],
                "driver_opts": [],
                "gw_priority": null,
                "ipv4_address": "",
                "ipv6_address": "",
                "link_local_ips": [],
                "mac_address": "",
                "name": "biowatch-tf-monitoring"
              }
            ],
            "pid_mode": "",
            "platform": "linux",
            "ports": [
              {
                "external": 9090,
                "internal": 9090,
                "ip": "0.0.0.0",
                "protocol": "tcp"
              }
            ],
            "privileged": false,
            "publish_all_ports": false,
            "read_only": false,
            "remove_volumes": true,
            "restart": "no",
            "rm": false,
            "runtime": "runc",
            "security_opts": [],
            "shm_size": 64,
            "start": true,
            "stdin_open": false,
            "stop_signal": "",
            "stop_timeout": 1,
            "storage_opts": null,
            "sysctls": null,
            "timeouts": null,
            "tmpfs": null,
            "tty": false,
            "ulimit": [],
            "upload": [],
            "user": "nobody",
            "userns_mode": "",
            "volumes": [
              {
                "container_path": "/etc/prometheus/alerts.yml",
                "from_container": "",
                "host_path": "/Users/mac/vs_projects/personal/bio/biowatch/infra/terraform/environments/local/generated/alerts.yml",
                "read_only": true,
                "selinux_relabel": "",
                "volume_name": ""
              },
              {
                "container_path": "/etc/prometheus/prometheus.yml",
                "from_container": "",
                "host_path": "/Users/mac/vs_projects/personal/bio/biowatch/infra/terraform/environments/local/generated/prometheus.yml",
                "read_only": true,
                "selinux_relabel": "",
                "volume_name": ""
              }
            ],
            "wait": false,
            "wait_timeout": 60,
            "working_dir": "/prometheus"
          },
          "sensitive_attributes": [],
          "identity_schema_version": 0,
          "private": "eyJlMmJmYjczMC1lY2FhLTExZTYtOGY4OC0zNDM2M2JjN2M0YzAiOnsiY3JlYXRlIjoxMjAwMDAwMDAwMDAwLCJkZWxldGUiOjEyMDAwMDAwMDAwMDAsInVwZGF0ZSI6MTIwMDAwMDAwMDAwMH0sInNjaGVtYV92ZXJzaW9uIjoiMiJ9",
          "dependencies": [
            "docker_container.alertmanager",
            "docker_image.alertmanager",
            "docker_image.prometheus",
            "docker_network.private_network",
            "local_file.alertmanager_config",
            "local_file.prometheus_alerts",
            "local_file.prometheus_config"
          ]
        }
      ]
    },
    {
      "mode": "managed",
      "type": "docker_image",
      "name": "alertmanager",
      "provider": "provider[\"registry.terraform.io/kreuzwerker/docker\"]",
      "instances": [
        {
          "schema_version": 0,
          "attributes": {
            "build": [],
            "force_remove": null,
            "id": "sha256:225e007feddae939a7a7fe4a8baab1383bb012916ca29a5bc46a26ed283de1a8prom/alertmanager:v0.27.0",
            "image_id": "sha256:225e007feddae939a7a7fe4a8baab1383bb012916ca29a5bc46a26ed283de1a8",
            "keep_locally": null,
            "name": "prom/alertmanager:v0.27.0",
            "platform": null,
            "pull_triggers": null,
            "repo_digest": "prom/alertmanager@sha256:e13b6ed5cb929eeaee733479dce55e10eb3bc2e9c4586c705a4e8da41e5eacf5",
            "timeouts": null,
            "triggers": null
          },
          "sensitive_attributes": [],
          "identity_schema_version": 0,
          "private": "eyJlMmJmYjczMC1lY2FhLTExZTYtOGY4OC0zNDM2M2JjN2M0YzAiOnsiY3JlYXRlIjoxMjAwMDAwMDAwMDAwLCJkZWxldGUiOjEyMDAwMDAwMDAwMDAsInVwZGF0ZSI6MTIwMDAwMDAwMDAwMH19"
        }
      ]
    },
    {
      "mode": "managed",
      "type": "docker_image",
      "name": "grafana",
      "provider": "provider[\"registry.terraform.io/kreuzwerker/docker\"]",
      "instances": [
        {
          "schema_version": 0,
          "attributes": {
            "build": [],
            "force_remove": null,
            "id": "sha256:48b3b3e6415ffa969075ee67f9d289849aa11a5870eeb130f9fb4f76dc0900a3grafana/grafana:11.4.0",
            "image_id": "sha256:48b3b3e6415ffa969075ee67f9d289849aa11a5870eeb130f9fb4f76dc0900a3",
            "keep_locally": null,
            "name": "grafana/grafana:11.4.0",
            "platform": null,
            "pull_triggers": null,
            "repo_digest": "grafana/grafana@sha256:d8ea37798ccc41061a62ab080f2676dda6bf7815558499f901bdb0f533a456fb",
            "timeouts": null,
            "triggers": null
          },
          "sensitive_attributes": [],
          "identity_schema_version": 0,
          "private": "eyJlMmJmYjczMC1lY2FhLTExZTYtOGY4OC0zNDM2M2JjN2M0YzAiOnsiY3JlYXRlIjoxMjAwMDAwMDAwMDAwLCJkZWxldGUiOjEyMDAwMDAwMDAwMDAsInVwZGF0ZSI6MTIwMDAwMDAwMDAwMH19"
        }
      ]
    },
    {
      "mode": "managed",
      "type": "docker_image",
      "name": "prometheus",
      "provider": "provider[\"registry.terraform.io/kreuzwerker/docker\"]",
      "instances": [
        {
          "schema_version": 0,
          "attributes": {
            "build": [],
            "force_remove": null,
            "id": "sha256:57847a717fc6727452cd1ed5b02200e3030aba04ca13cbdc536ee99402643440prom/prometheus:v3.0.1",
            "image_id": "sha256:57847a717fc6727452cd1ed5b02200e3030aba04ca13cbdc536ee99402643440",
            "keep_locally": null,
            "name": "prom/prometheus:v3.0.1",
            "platform": null,
            "pull_triggers": null,
            "repo_digest": "prom/prometheus@sha256:565ee86501224ebbb98fc10b332fa54440b100469924003359edf49cbce374bd",
            "timeouts": null,
            "triggers": null
          },
          "sensitive_attributes": [],
          "identity_schema_version": 0,
          "private": "eyJlMmJmYjczMC1lY2FhLTExZTYtOGY4OC0zNDM2M2JjN2M0YzAiOnsiY3JlYXRlIjoxMjAwMDAwMDAwMDAwLCJkZWxldGUiOjEyMDAwMDAwMDAwMDAsInVwZGF0ZSI6MTIwMDAwMDAwMDAwMH19"
        }
      ]
    },
    {
      "mode": "managed",
      "type": "docker_network",
      "name": "private_network",
      "provider": "provider[\"registry.terraform.io/kreuzwerker/docker\"]",
      "instances": [
        {
          "schema_version": 1,
          "attributes": {
            "attachable": false,
            "driver": "bridge",
            "id": "163cd8996286c9ccf81dd97d445946d6b87ffa18c8493b7d3f7f2fbc9a005fee",
            "ingress": false,
            "internal": false,
            "ipam_config": [
              {
                "aux_address": {},
                "gateway": "172.22.0.1",
                "ip_range": "",
                "subnet": "172.22.0.0/16"
              }
            ],
            "ipam_driver": "default",
            "ipam_options": {},
            "ipv6": false,
            "labels": [],
            "name": "biowatch-tf-monitoring",
            "options": {
              "com.docker.network.enable_ipv4": "true",
              "com.docker.network.enable_ipv6": "false"
            },
            "scope": "local"
          },
          "sensitive_attributes": [],
          "identity_schema_version": 0,
          "private": "eyJzY2hlbWFfdmVyc2lvbiI6IjEifQ=="
        }
      ]
    },
    {
      "mode": "managed",
      "type": "local_file",
      "name": "alertmanager_config",
      "provider": "provider[\"registry.terraform.io/hashicorp/local\"]",
      "instances": [
        {
          "schema_version": 0,
          "attributes": {
            "content": "global:\n  resolve_timeout: 5m\n\nroute:\n  receiver: \"default\"\n  group_by: [\"alertname\", \"severity\"]\n  group_wait: 10s\n  group_interval: 1m\n  repeat_interval: 1h\n\nreceivers:\n  - name: \"default\"\n",
            "content_base64": null,
            "content_base64sha256": "AE+xwfwrd3YDgfAVNOCBKgq2776ZSGPSbp4omQCjfPw=",
            "content_base64sha512": "O340hp37epIqZXjtvo6ckDkFvJPzA8vRhEay+ZM8qpIxHG3SXjaUSY2oMs9dxoAAWdN4X2SVqVtBECTrAHGFEQ==",
            "content_md5": "df0255694665c7e2cb088518156d5927",
            "content_sha1": "c68e3ec15aa27c533ffc5fdd87494181fea4205e",
            "content_sha256": "004fb1c1fc2b77760381f01534e0812a0ab6efbe994863d26e9e289900a37cfc",
            "content_sha512": "3b7e34869dfb7a922a6578edbe8e9c903905bc93f303cbd18446b2f9933caa92311c6dd25e3694498da832cf5dc6800059d3785f6495a95b411024eb00718511",
            "directory_permission": "0777",
            "file_permission": "0777",
            "filename": "./generated/alertmanager/alertmanager.yml",
            "id": "c68e3ec15aa27c533ffc5fdd87494181fea4205e",
            "sensitive_content": null,
            "source": null
          },
          "sensitive_attributes": [
            [
              {
                "type": "get_attr",
                "value": "sensitive_content"
              }
            ]
          ],
          "identity_schema_version": 0
        }
      ]
    },
    {
      "mode": "managed",
      "type": "local_file",
      "name": "grafana_datasource",
      "provider": "provider[\"registry.terraform.io/hashicorp/local\"]",
      "instances": [
        {
          "schema_version": 0,
          "attributes": {
            "content": "apiVersion: 1\n\ndatasources:\n  - name: Prometheus\n    type: prometheus\n    access: proxy\n    url: http://biowatch-tf-prometheus:9090\n    isDefault: true\n    editable: true\n",
            "content_base64": null,
            "content_base64sha256": "kUGfTzBW3mOuBU6JB3ZnanhG80e3+Jjsnx3TmcdfW6I=",
            "content_base64sha512": "X5vPkN1tbl2PyVql4KED4gVUi4xOuAyG9oWeWs3SFwKl0ACRMjXXkp8BfDpAoQwzjQlUtd/Ek7AgqlsMR/Uv9w==",
            "content_md5": "044eb507ab960d80a24a1206589ae485",
            "content_sha1": "f77e62e02c758e7b281e588991dabc8dbdc1bb11",
            "content_sha256": "91419f4f3056de63ae054e890776676a7846f347b7f898ec9f1dd399c75f5ba2",
            "content_sha512": "5f9bcf90dd6d6e5d8fc95aa5e0a103e205548b8c4eb80c86f6859e5acdd21702a5d000913235d7929f017c3a40a10c338d0954b5dfc493b020aa5b0c47f52ff7",
            "directory_permission": "0777",
            "file_permission": "0777",
            "filename": "./generated/grafana/provisioning/datasources/prometheus.yml",
            "id": "f77e62e02c758e7b281e588991dabc8dbdc1bb11",
            "sensitive_content": null,
            "source": null
          },
          "sensitive_attributes": [
            [
              {
                "type": "get_attr",
                "value": "sensitive_content"
              }
            ]
          ],
          "identity_schema_version": 0
        }
      ]
    },
    {
      "mode": "managed",
      "type": "local_file",
      "name": "prometheus_alerts",
      "provider": "provider[\"registry.terraform.io/hashicorp/local\"]",
      "instances": [
        {
          "schema_version": 0,
          "attributes": {
            "content": "groups:\n  - name: local-test\n    rules:\n      - alert: PrometheusAlwaysFiring\n        expr: vector(1)\n        for: 30s\n        labels:\n          severity: warning\n        annotations:\n          summary: \"Test alert is firing\"\n          description: \"This alert always fires locally to verify Prometheus -\u003e Alertmanager wiring.\"\n",
            "content_base64": null,
            "content_base64sha256": "2KTuyd0wjMB88IA2JUsLdX/a9FrbJWNEaibtGlKU6K8=",
            "content_base64sha512": "4fGQALMah32u0KdfIo21oDF9cEm2sBjOB9zZ6JPGxwgxIbOQc1UHmGPWNQl5XjGhFXYeO/aXRgfTcuqnJ2if0w==",
            "content_md5": "3365ea1f828d800a502ddb632b40a25a",
            "content_sha1": "ed2e5823cd9ec99d41794d0b332c1a0383c65a43",
            "content_sha256": "d8a4eec9dd308cc07cf08036254b0b757fdaf45adb2563446a26ed1a5294e8af",
            "content_sha512": "e1f19000b31a877daed0a75f228db5a0317d7049b6b018ce07dcd9e893c6c7083121b3907355079863d63509795e31a115761e3bf6974607d372eaa727689fd3",
            "directory_permission": "0777",
            "file_permission": "0777",
            "filename": "./generated/alerts.yml",
            "id": "ed2e5823cd9ec99d41794d0b332c1a0383c65a43",
            "sensitive_content": null,
            "source": null
          },
          "sensitive_attributes": [
            [
              {
                "type": "get_attr",
                "value": "sensitive_content"
              }
            ]
          ],
          "identity_schema_version": 0
        }
      ]
    },
    {
      "mode": "managed",
      "type": "local_file",
      "name": "prometheus_config",
      "provider": "provider[\"registry.terraform.io/hashicorp/local\"]",
      "instances": [
        {
          "schema_version": 0,
          "attributes": {
            "content": "global:\n  scrape_interval: 15s\n\nalerting:\n  alertmanagers:\n    - static_configs:\n        - targets:\n            - \"biowatch-tf-alertmanager:9093\"\n\nrule_files:\n  - /etc/prometheus/alerts.yml\n\nscrape_configs:\n  - job_name: \"prometheus\"\n    static_configs:\n      - targets: [\"localhost:9090\"]\n",
            "content_base64": null,
            "content_base64sha256": "fOBOShjChr2VUfRBqp7oFRJjz1O7AXQyzsR8oTI6QbE=",
            "content_base64sha512": "C0jf7h8o8lPos5GYNho/n80n2xgpxpTNDbW632qBU3xrjKllogc9Tbh3+cl9QGlK6myZFIQiNZbNC6Gql22Hmw==",
            "content_md5": "7a3a2737d4a85d923c70cd8a00fcd8a0",
            "content_sha1": "8836361d340497b5143f45817cc2e8edc2ad167b",
            "content_sha256": "7ce04e4a18c286bd9551f441aa9ee8151263cf53bb017432cec47ca1323a41b1",
            "content_sha512": "0b48dfee1f28f253e8b39198361a3f9fcd27db1829c694cd0db5badf6a81537c6b8ca965a2073d4db877f9c97d40694aea6c991484223596cd0ba1aa976d879b",
            "directory_permission": "0777",
            "file_permission": "0777",
            "filename": "./generated/prometheus.yml",
            "id": "8836361d340497b5143f45817cc2e8edc2ad167b",
            "sensitive_content": null,
            "source": null
          },
          "sensitive_attributes": [
            [
              {
                "type": "get_attr",
                "value": "sensitive_content"
              }
            ]
          ],
          "identity_schema_version": 0
        }
      ]
    },
    {
      "mode": "managed",
      "type": "local_file",
      "name": "terraform_readme",
      "provider": "provider[\"registry.terraform.io/hashicorp/local\"]",
      "instances": [
        {
          "schema_version": 0,
          "attributes": {
            "content": "Managed by Terraform\n",
            "content_base64": null,
            "content_base64sha256": "hqx8J6ZKvyupzfcgyF6ctpQE6Sya8dFMemK3BVBYCDo=",
            "content_base64sha512": "n29cX6+wOMOMZOEFGAlUpvadwMjeM5COsSZL4b3W2y4/enqyDpdB+JbNU8Byx3Ri9+upcSslSd3W23kMBJq5Gw==",
            "content_md5": "fbbfd694d9e0985caedfd85cdc91e1a0",
            "content_sha1": "10b352aff16baf1221d51e6caa0f43dea190d188",
            "content_sha256": "86ac7c27a64abf2ba9cdf720c85e9cb69404e92c9af1d14c7a62b7055058083a",
            "content_sha512": "9f6f5c5fafb038c38c64e105180954a6f69dc0c8de33908eb1264be1bdd6db2e3f7a7ab20e9741f896cd53c072c77462f7eba9712b2549ddd6db790c049ab91b",
            "directory_permission": "0777",
            "file_permission": "0777",
            "filename": "./generated/terraform-managed.txt",
            "id": "10b352aff16baf1221d51e6caa0f43dea190d188",
            "sensitive_content": null,
            "source": null
          },
          "sensitive_attributes": [
            [
              {
                "type": "get_attr",
                "value": "sensitive_content"
              }
            ]
          ],
          "identity_schema_version": 0
        }
      ]
    }
  ],
  "check_results": null
}
