{
  "version": 4,
  "terraform_version": "1.15.6",
  "serial": 8,
  "lineage": "e51f0b30-9b89-8868-95fb-302fb3ea42ac",
  "outputs": {
    "environment": {
      "value": "local",
      "type": "string"
    },
    "project_name": {
      "value": "biowatch",
      "type": "string"
    },
    "prometheus_url": {
      "value": "http://localhost:9090",
      "type": "string"
    }
  },
  "resources": [
    {
      "mode": "managed",
      "type": "local_file",
      "name": "prometheus_config",
      "provider": "provider[\"registry.terraform.io/hashicorp/local\"]",
      "instances": [
        {
          "schema_version": 0,
          "attributes": {
            "content": "global:\n  scrape_interval: 15s\n\nscrape_configs:\n  - job_name: \"prometheus\"\n    static_configs:\n      - targets: [\"localhost:9090\"]\n",
            "content_base64": null,
            "content_base64sha256": "TdJh6doG8XtQYrB03IDmasEl7cW4AVtg4WRg0ZkCjMM=",
            "content_base64sha512": "GdcR0mb+65tM+8UApLdQQ0yl7wwZpuAbNUb2jyXqUBTt3UBw5cWbb4sGUJphHY/yYnlKXu225rdeRQ/VEgA1pQ==",
            "content_md5": "9ce1453259853992606aac0862a19227",
            "content_sha1": "a319f9c19bde33847a14199764267fad5838447f",
            "content_sha256": "4dd261e9da06f17b5062b074dc80e66ac125edc5b8015b60e16460d199028cc3",
            "content_sha512": "19d711d266feeb9b4cfbc500a4b750434ca5ef0c19a6e01b3546f68f25ea5014eddd4070e5c59b6f8b06509a611d8ff262794a5eedb6e6b75e450fd5120035a5",
            "directory_permission": "0777",
            "file_permission": "0777",
            "filename": "./generated/prometheus.yml",
            "id": "a319f9c19bde33847a14199764267fad5838447f",
            "sensitive_content": null,
            "source": null
          },
          "sensitive_attributes": [
            [
              {
                "type": "get_attr",
                "value": "sensitive_content"
              }
            ]
          ],
          "identity_schema_version": 0
        }
      ]
    },
    {
      "mode": "managed",
      "type": "local_file",
      "name": "terraform_readme",
      "provider": "provider[\"registry.terraform.io/hashicorp/local\"]",
      "instances": [
        {
          "schema_version": 0,
          "attributes": {
            "content": "Managed by Terraform\n",
            "content_base64": null,
            "content_base64sha256": "hqx8J6ZKvyupzfcgyF6ctpQE6Sya8dFMemK3BVBYCDo=",
            "content_base64sha512": "n29cX6+wOMOMZOEFGAlUpvadwMjeM5COsSZL4b3W2y4/enqyDpdB+JbNU8Byx3Ri9+upcSslSd3W23kMBJq5Gw==",
            "content_md5": "fbbfd694d9e0985caedfd85cdc91e1a0",
            "content_sha1": "10b352aff16baf1221d51e6caa0f43dea190d188",
            "content_sha256": "86ac7c27a64abf2ba9cdf720c85e9cb69404e92c9af1d14c7a62b7055058083a",
            "content_sha512": "9f6f5c5fafb038c38c64e105180954a6f69dc0c8de33908eb1264be1bdd6db2e3f7a7ab20e9741f896cd53c072c77462f7eba9712b2549ddd6db790c049ab91b",
            "directory_permission": "0777",
            "file_permission": "0777",
            "filename": "./generated/terraform-managed.txt",
            "id": "10b352aff16baf1221d51e6caa0f43dea190d188",
            "sensitive_content": null,
            "source": null
          },
          "sensitive_attributes": [
            [
              {
                "type": "get_attr",
                "value": "sensitive_content"
              }
            ]
          ],
          "identity_schema_version": 0
        }
      ]
    }
  ],
  "check_results": null
}
